
Microsoft Visual Studio Solution File, Format Version 12.00
# Visual Studio 15
Project("{FAE04EC0-301F-11D3-BF4B-00C04F79EFBC}") = "BandAPI", "BandAPI\BandAPI.csproj", "{C5AC384B-B017-4A67-A717-A9CBE7A28335}"
EndProject
Global
	GlobalSection(SolutionConfigurationPlatforms) = preSolution
		Debug|Any CPU = Debug|Any CPU
		Release|Any CPU = Release|Any CPU
	EndGlobalSection
	GlobalSection(ProjectConfigurationPlatforms) = postSolution
		{C5AC384B-B017-4A67-A717-A9CBE7A28335}.Debug|Any CPU.ActiveCfg = Debug|Any CPU
		{C5AC384B-B017-4A67-A717-A9CBE7A28335}.Debug|Any CPU.Build.0 = Debug|Any CPU
		{C5AC384B-B017-4A67-A717-A9CBE7A28335}.Release|Any CPU.ActiveCfg = Release|Any CPU
		{C5AC384B-B017-4A67-A717-A9CBE7A28335}.Release|Any CPU.Build.0 = Release|Any CPU
	EndGlobalSection
EndGlobal
